
Microsoft Visual Studio Solution File, Format Version 12.00
# Visual Studio 15
VisualStudioVersion = 15.0.26124.0
MinimumVisualStudioVersion = 15.0.26124.0
Project("{2150E333-8FDC-42A3-9474-1A3956D46DE8}") = "src", "src", "{0AFC4820-1B48-4583-874F-21397AA2C3C6}"
EndProject
Project("{F2A71F9B-5D33-465A-A702-920D77279786}") = "OtoDom.Parser", "src\OtoDom.Parser\OtoDom.Parser.fsproj", "{431AC5CB-7FFB-4737-8D2E-ADB262605001}"
EndProject
Project("{F2A71F9B-5D33-465A-A702-920D77279786}") = "OtoDom.Core", "src\OtoDom.Core\OtoDom.Core.fsproj", "{A055D097-A9C0-43E6-84C6-B96D90851E25}"
EndProject
Project("{2150E333-8FDC-42A3-9474-1A3956D46DE8}") = "tests", "tests", "{08D72CE8-0B8B-4915-9805-8670E0A1A3F9}"
EndProject
Project("{F2A71F9B-5D33-465A-A702-920D77279786}") = "OtoDom.Core.UnitTests", "tests\OtoDom.Core.UnitTests\OtoDom.Core.UnitTests.fsproj", "{438C6481-18A1-4225-8258-DE1E4AA2B910}"
EndProject
Global
	GlobalSection(SolutionConfigurationPlatforms) = preSolution
		Debug|Any CPU = Debug|Any CPU
		Debug|x64 = Debug|x64
		Debug|x86 = Debug|x86
		Release|Any CPU = Release|Any CPU
		Release|x64 = Release|x64
		Release|x86 = Release|x86
	EndGlobalSection
	GlobalSection(SolutionProperties) = preSolution
		HideSolutionNode = FALSE
	EndGlobalSection
	GlobalSection(ProjectConfigurationPlatforms) = postSolution
		{431AC5CB-7FFB-4737-8D2E-ADB262605001}.Debug|Any CPU.ActiveCfg = Debug|Any CPU
		{431AC5CB-7FFB-4737-8D2E-ADB262605001}.Debug|Any CPU.Build.0 = Debug|Any CPU
		{431AC5CB-7FFB-4737-8D2E-ADB262605001}.Debug|x64.ActiveCfg = Debug|Any CPU
		{431AC5CB-7FFB-4737-8D2E-ADB262605001}.Debug|x64.Build.0 = Debug|Any CPU
		{431AC5CB-7FFB-4737-8D2E-ADB262605001}.Debug|x86.ActiveCfg = Debug|Any CPU
		{431AC5CB-7FFB-4737-8D2E-ADB262605001}.Debug|x86.Build.0 = Debug|Any CPU
		{431AC5CB-7FFB-4737-8D2E-ADB262605001}.Release|Any CPU.ActiveCfg = Release|Any CPU
		{431AC5CB-7FFB-4737-8D2E-ADB262605001}.Release|Any CPU.Build.0 = Release|Any CPU
		{431AC5CB-7FFB-4737-8D2E-ADB262605001}.Release|x64.ActiveCfg = Release|Any CPU
		{431AC5CB-7FFB-4737-8D2E-ADB262605001}.Release|x64.Build.0 = Release|Any CPU
		{431AC5CB-7FFB-4737-8D2E-ADB262605001}.Release|x86.ActiveCfg = Release|Any CPU
		{431AC5CB-7FFB-4737-8D2E-ADB262605001}.Release|x86.Build.0 = Release|Any CPU
		{A055D097-A9C0-43E6-84C6-B96D90851E25}.Debug|Any CPU.ActiveCfg = Debug|Any CPU
		{A055D097-A9C0-43E6-84C6-B96D90851E25}.Debug|Any CPU.Build.0 = Debug|Any CPU
		{A055D097-A9C0-43E6-84C6-B96D90851E25}.Debug|x64.ActiveCfg = Debug|Any CPU
		{A055D097-A9C0-43E6-84C6-B96D90851E25}.Debug|x64.Build.0 = Debug|Any CPU
		{A055D097-A9C0-43E6-84C6-B96D90851E25}.Debug|x86.ActiveCfg = Debug|Any CPU
		{A055D097-A9C0-43E6-84C6-B96D90851E25}.Debug|x86.Build.0 = Debug|Any CPU
		{A055D097-A9C0-43E6-84C6-B96D90851E25}.Release|Any CPU.ActiveCfg = Release|Any CPU
		{A055D097-A9C0-43E6-84C6-B96D90851E25}.Release|Any CPU.Build.0 = Release|Any CPU
		{A055D097-A9C0-43E6-84C6-B96D90851E25}.Release|x64.ActiveCfg = Release|Any CPU
		{A055D097-A9C0-43E6-84C6-B96D90851E25}.Release|x64.Build.0 = Release|Any CPU
		{A055D097-A9C0-43E6-84C6-B96D90851E25}.Release|x86.ActiveCfg = Release|Any CPU
		{A055D097-A9C0-43E6-84C6-B96D90851E25}.Release|x86.Build.0 = Release|Any CPU
		{438C6481-18A1-4225-8258-DE1E4AA2B910}.Debug|Any CPU.ActiveCfg = Debug|Any CPU
		{438C6481-18A1-4225-8258-DE1E4AA2B910}.Debug|Any CPU.Build.0 = Debug|Any CPU
		{438C6481-18A1-4225-8258-DE1E4AA2B910}.Debug|x64.ActiveCfg = Debug|Any CPU
		{438C6481-18A1-4225-8258-DE1E4AA2B910}.Debug|x64.Build.0 = Debug|Any CPU
		{438C6481-18A1-4225-8258-DE1E4AA2B910}.Debug|x86.ActiveCfg = Debug|Any CPU
		{438C6481-18A1-4225-8258-DE1E4AA2B910}.Debug|x86.Build.0 = Debug|Any CPU
		{438C6481-18A1-4225-8258-DE1E4AA2B910}.Release|Any CPU.ActiveCfg = Release|Any CPU
		{438C6481-18A1-4225-8258-DE1E4AA2B910}.Release|Any CPU.Build.0 = Release|Any CPU
		{438C6481-18A1-4225-8258-DE1E4AA2B910}.Release|x64.ActiveCfg = Release|Any CPU
		{438C6481-18A1-4225-8258-DE1E4AA2B910}.Release|x64.Build.0 = Release|Any CPU
		{438C6481-18A1-4225-8258-DE1E4AA2B910}.Release|x86.ActiveCfg = Release|Any CPU
		{438C6481-18A1-4225-8258-DE1E4AA2B910}.Release|x86.Build.0 = Release|Any CPU
	EndGlobalSection
	GlobalSection(NestedProjects) = preSolution
		{431AC5CB-7FFB-4737-8D2E-ADB262605001} = {0AFC4820-1B48-4583-874F-21397AA2C3C6}
		{A055D097-A9C0-43E6-84C6-B96D90851E25} = {0AFC4820-1B48-4583-874F-21397AA2C3C6}
		{438C6481-18A1-4225-8258-DE1E4AA2B910} = {08D72CE8-0B8B-4915-9805-8670E0A1A3F9}
	EndGlobalSection
EndGlobal
